
Microsoft Visual Studio Solution File, Format Version 12.00
# Visual Studio Version 17
VisualStudioVersion = 17.0.31903.59
MinimumVisualStudioVersion = 10.0.40219.1
Project("{FAE04EC0-301F-11D3-BF4B-00C04F79EFBC}") = "Alga.IdentityService", "Alga.IdentityService\Alga.IdentityService.csproj", "{843F48BB-97A6-4AD8-8256-133AE8BCCEDC}"
EndProject
Project("{FAE04EC0-301F-11D3-BF4B-00C04F79EFBC}") = "Alga.sessions", "..\..\Alga\Alga.sessions\Alga.sessions\Alga.sessions.csproj", "{B31CF90F-2C1A-47BD-9155-137DF13BB8B8}"
EndProject
Project("{FAE04EC0-301F-11D3-BF4B-00C04F79EFBC}") = "Alga.transport", "..\..\Alga\Alga.transport\Alga.transport\Alga.transport\Alga.transport.csproj", "{A882CE82-5572-4CDA-BF02-7793222B80B0}"
EndProject
Global
	GlobalSection(SolutionConfigurationPlatforms) = preSolution
		Debug|Any CPU = Debug|Any CPU
		Debug|x64 = Debug|x64
		Debug|x86 = Debug|x86
		Release|Any CPU = Release|Any CPU
		Release|x64 = Release|x64
		Release|x86 = Release|x86
	EndGlobalSection
	GlobalSection(ProjectConfigurationPlatforms) = postSolution
		{843F48BB-97A6-4AD8-8256-133AE8BCCEDC}.Debug|Any CPU.ActiveCfg = Debug|Any CPU
		{843F48BB-97A6-4AD8-8256-133AE8BCCEDC}.Debug|Any CPU.Build.0 = Debug|Any CPU
		{843F48BB-97A6-4AD8-8256-133AE8BCCEDC}.Debug|x64.ActiveCfg = Debug|Any CPU
		{843F48BB-97A6-4AD8-8256-133AE8BCCEDC}.Debug|x64.Build.0 = Debug|Any CPU
		{843F48BB-97A6-4AD8-8256-133AE8BCCEDC}.Debug|x86.ActiveCfg = Debug|Any CPU
		{843F48BB-97A6-4AD8-8256-133AE8BCCEDC}.Debug|x86.Build.0 = Debug|Any CPU
		{843F48BB-97A6-4AD8-8256-133AE8BCCEDC}.Release|Any CPU.ActiveCfg = Release|Any CPU
		{843F48BB-97A6-4AD8-8256-133AE8BCCEDC}.Release|Any CPU.Build.0 = Release|Any CPU
		{843F48BB-97A6-4AD8-8256-133AE8BCCEDC}.Release|x64.ActiveCfg = Release|Any CPU
		{843F48BB-97A6-4AD8-8256-133AE8BCCEDC}.Release|x64.Build.0 = Release|Any CPU
		{843F48BB-97A6-4AD8-8256-133AE8BCCEDC}.Release|x86.ActiveCfg = Release|Any CPU
		{843F48BB-97A6-4AD8-8256-133AE8BCCEDC}.Release|x86.Build.0 = Release|Any CPU
		{B31CF90F-2C1A-47BD-9155-137DF13BB8B8}.Debug|Any CPU.ActiveCfg = Debug|Any CPU
		{B31CF90F-2C1A-47BD-9155-137DF13BB8B8}.Debug|Any CPU.Build.0 = Debug|Any CPU
		{B31CF90F-2C1A-47BD-9155-137DF13BB8B8}.Debug|x64.ActiveCfg = Debug|Any CPU
		{B31CF90F-2C1A-47BD-9155-137DF13BB8B8}.Debug|x64.Build.0 = Debug|Any CPU
		{B31CF90F-2C1A-47BD-9155-137DF13BB8B8}.Debug|x86.ActiveCfg = Debug|Any CPU
		{B31CF90F-2C1A-47BD-9155-137DF13BB8B8}.Debug|x86.Build.0 = Debug|Any CPU
		{B31CF90F-2C1A-47BD-9155-137DF13BB8B8}.Release|Any CPU.ActiveCfg = Release|Any CPU
		{B31CF90F-2C1A-47BD-9155-137DF13BB8B8}.Release|Any CPU.Build.0 = Release|Any CPU
		{B31CF90F-2C1A-47BD-9155-137DF13BB8B8}.Release|x64.ActiveCfg = Release|Any CPU
		{B31CF90F-2C1A-47BD-9155-137DF13BB8B8}.Release|x64.Build.0 = Release|Any CPU
		{B31CF90F-2C1A-47BD-9155-137DF13BB8B8}.Release|x86.ActiveCfg = Release|Any CPU
		{B31CF90F-2C1A-47BD-9155-137DF13BB8B8}.Release|x86.Build.0 = Release|Any CPU
		{A882CE82-5572-4CDA-BF02-7793222B80B0}.Debug|Any CPU.ActiveCfg = Debug|Any CPU
		{A882CE82-5572-4CDA-BF02-7793222B80B0}.Debug|Any CPU.Build.0 = Debug|Any CPU
		{A882CE82-5572-4CDA-BF02-7793222B80B0}.Debug|x64.ActiveCfg = Debug|Any CPU
		{A882CE82-5572-4CDA-BF02-7793222B80B0}.Debug|x64.Build.0 = Debug|Any CPU
		{A882CE82-5572-4CDA-BF02-7793222B80B0}.Debug|x86.ActiveCfg = Debug|Any CPU
		{A882CE82-5572-4CDA-BF02-7793222B80B0}.Debug|x86.Build.0 = Debug|Any CPU
		{A882CE82-5572-4CDA-BF02-7793222B80B0}.Release|Any CPU.ActiveCfg = Release|Any CPU
		{A882CE82-5572-4CDA-BF02-7793222B80B0}.Release|Any CPU.Build.0 = Release|Any CPU
		{A882CE82-5572-4CDA-BF02-7793222B80B0}.Release|x64.ActiveCfg = Release|Any CPU
		{A882CE82-5572-4CDA-BF02-7793222B80B0}.Release|x64.Build.0 = Release|Any CPU
		{A882CE82-5572-4CDA-BF02-7793222B80B0}.Release|x86.ActiveCfg = Release|Any CPU
		{A882CE82-5572-4CDA-BF02-7793222B80B0}.Release|x86.Build.0 = Release|Any CPU
	EndGlobalSection
	GlobalSection(SolutionProperties) = preSolution
		HideSolutionNode = FALSE
	EndGlobalSection
EndGlobal
