Microsoft Visual Studio Solution File, Format Version 12.00
# Visual Studio Version 17
VisualStudioVersion = 17.5.2.0
MinimumVisualStudioVersion = 10.0.40219.1
Project("{FAE04EC0-301F-11D3-BF4B-00C04F79EFBC}") = "Alga.IdentityService", "Alga.IdentityService.csproj", "{5FD831F4-7C5C-4B0E-9CCD-BC8955463528}"
EndProject
Global
	GlobalSection(SolutionConfigurationPlatforms) = preSolution
		Debug|Any CPU = Debug|Any CPU
		Release|Any CPU = Release|Any CPU
	EndGlobalSection
	GlobalSection(ProjectConfigurationPlatforms) = postSolution
		{5FD831F4-7C5C-4B0E-9CCD-BC8955463528}.Debug|Any CPU.ActiveCfg = Debug|Any CPU
		{5FD831F4-7C5C-4B0E-9CCD-BC8955463528}.Debug|Any CPU.Build.0 = Debug|Any CPU
		{5FD831F4-7C5C-4B0E-9CCD-BC8955463528}.Release|Any CPU.ActiveCfg = Release|Any CPU
		{5FD831F4-7C5C-4B0E-9CCD-BC8955463528}.Release|Any CPU.Build.0 = Release|Any CPU
	EndGlobalSection
	GlobalSection(SolutionProperties) = preSolution
		HideSolutionNode = FALSE
	EndGlobalSection
	GlobalSection(ExtensibilityGlobals) = postSolution
		SolutionGuid = {CB0DFA2E-9FD6-4907-B3CF-37F4D2A74031}
	EndGlobalSection
EndGlobal
